
Microsoft Visual Studio Solution File, Format Version 12.00
# Visual Studio Version 17
VisualStudioVersion = 17.0.31903.59
MinimumVisualStudioVersion = 10.0.40219.1
Project("{2150E333-8FDC-42A3-9474-1A3956D46DE8}") = "src", "src", "{A9B59860-5417-4A49-B007-E4059FCAE762}"
EndProject
Project("{FAE04EC0-301F-11D3-BF4B-00C04F79EFBC}") = "WorkplaceSaver", "src\WorkplaceSaver\WorkplaceSaver.csproj", "{D652128F-75A7-4FF2-B31A-9BB7DEB935A3}"
EndProject
Project("{2150E333-8FDC-42A3-9474-1A3956D46DE8}") = "tests", "tests", "{3CED0465-497B-481D-84A0-B37588173995}"
EndProject
Project("{FAE04EC0-301F-11D3-BF4B-00C04F79EFBC}") = "WorkplaceSaver.Tests", "tests\WorkplaceSaver.Tests\WorkplaceSaver.Tests.csproj", "{EE67F576-712E-4F8A-9AA2-59F51412B89E}"
EndProject
Global
	GlobalSection(SolutionConfigurationPlatforms) = preSolution
		Debug|Any CPU = Debug|Any CPU
		Release|Any CPU = Release|Any CPU
	EndGlobalSection
	GlobalSection(SolutionProperties) = preSolution
		HideSolutionNode = FALSE
	EndGlobalSection
	GlobalSection(ProjectConfigurationPlatforms) = postSolution
		{D652128F-75A7-4FF2-B31A-9BB7DEB935A3}.Debug|Any CPU.ActiveCfg = Debug|Any CPU
		{D652128F-75A7-4FF2-B31A-9BB7DEB935A3}.Debug|Any CPU.Build.0 = Debug|Any CPU
		{D652128F-75A7-4FF2-B31A-9BB7DEB935A3}.Release|Any CPU.ActiveCfg = Release|Any CPU
		{D652128F-75A7-4FF2-B31A-9BB7DEB935A3}.Release|Any CPU.Build.0 = Release|Any CPU
		{EE67F576-712E-4F8A-9AA2-59F51412B89E}.Debug|Any CPU.ActiveCfg = Debug|Any CPU
		{EE67F576-712E-4F8A-9AA2-59F51412B89E}.Debug|Any CPU.Build.0 = Debug|Any CPU
		{EE67F576-712E-4F8A-9AA2-59F51412B89E}.Release|Any CPU.ActiveCfg = Release|Any CPU
		{EE67F576-712E-4F8A-9AA2-59F51412B89E}.Release|Any CPU.Build.0 = Release|Any CPU
	EndGlobalSection
	GlobalSection(NestedProjects) = preSolution
		{D652128F-75A7-4FF2-B31A-9BB7DEB935A3} = {A9B59860-5417-4A49-B007-E4059FCAE762}
		{EE67F576-712E-4F8A-9AA2-59F51412B89E} = {3CED0465-497B-481D-84A0-B37588173995}
	EndGlobalSection
EndGlobal
